
Microsoft Visual Studio Solution File, Format Version 12.00
# Visual Studio Version 17
VisualStudioVersion = 17.5.33516.290
MinimumVisualStudioVersion = 10.0.40219.1
Project("{FAE04EC0-301F-11D3-BF4B-00C04F79EFBC}") = "BookStore_v2", "BookStore_v2.csproj", "{96DF26C7-0261-4A7D-BD82-00228DDA0EB2}"
EndProject
Global
	GlobalSection(SolutionConfigurationPlatforms) = preSolution
		Debug|Any CPU = Debug|Any CPU
		Release|Any CPU = Release|Any CPU
	EndGlobalSection
	GlobalSection(ProjectConfigurationPlatforms) = postSolution
		{96DF26C7-0261-4A7D-BD82-00228DDA0EB2}.Debug|Any CPU.ActiveCfg = Debug|Any CPU
		{96DF26C7-0261-4A7D-BD82-00228DDA0EB2}.Debug|Any CPU.Build.0 = Debug|Any CPU
		{96DF26C7-0261-4A7D-BD82-00228DDA0EB2}.Release|Any CPU.ActiveCfg = Release|Any CPU
		{96DF26C7-0261-4A7D-BD82-00228DDA0EB2}.Release|Any CPU.Build.0 = Release|Any CPU
	EndGlobalSection
	GlobalSection(SolutionProperties) = preSolution
		HideSolutionNode = FALSE
	EndGlobalSection
	GlobalSection(ExtensibilityGlobals) = postSolution
		SolutionGuid = {3EB6540D-DB3B-4BBA-8013-672EDEA12923}
	EndGlobalSection
EndGlobal
